
Microsoft Visual Studio Solution File, Format Version 12.00
# Visual Studio Version 17
VisualStudioVersion = 17.5.33530.505
MinimumVisualStudioVersion = 10.0.40219.1
Project("{FAE04EC0-301F-11D3-BF4B-00C04F79EFBC}") = "ExpenseTracker", "ExpenseTracker\ExpenseTracker.csproj", "{DED5DCB8-C0AF-43D7-B40B-CE23096A19AF}"
EndProject
Global
	GlobalSection(SolutionConfigurationPlatforms) = preSolution
		Debug|Any CPU = Debug|Any CPU
		Release|Any CPU = Release|Any CPU
	EndGlobalSection
	GlobalSection(ProjectConfigurationPlatforms) = postSolution
		{DED5DCB8-C0AF-43D7-B40B-CE23096A19AF}.Debug|Any CPU.ActiveCfg = Debug|Any CPU
		{DED5DCB8-C0AF-43D7-B40B-CE23096A19AF}.Debug|Any CPU.Build.0 = Debug|Any CPU
		{DED5DCB8-C0AF-43D7-B40B-CE23096A19AF}.Release|Any CPU.ActiveCfg = Release|Any CPU
		{DED5DCB8-C0AF-43D7-B40B-CE23096A19AF}.Release|Any CPU.Build.0 = Release|Any CPU
	EndGlobalSection
	GlobalSection(SolutionProperties) = preSolution
		HideSolutionNode = FALSE
	EndGlobalSection
	GlobalSection(ExtensibilityGlobals) = postSolution
		SolutionGuid = {910116EB-2144-40AD-85C4-0D20161BEF40}
	EndGlobalSection
EndGlobal
